
Microsoft Visual Studio Solution File, Format Version 12.00
# Visual Studio Version 16
VisualStudioVersion = 16.0.29920.165
MinimumVisualStudioVersion = 10.0.40219.1
Project("{2150E333-8FDC-42A3-9474-1A3956D46DE8}") = "Applications", "Applications", "{F8960046-439F-4FEF-AA3C-9B21A930DBB7}"
EndProject
Project("{2150E333-8FDC-42A3-9474-1A3956D46DE8}") = "scripts", "scripts", "{772FC387-BEC2-4773-8A94-BE24D4F3D0D6}"
EndProject
Project("{2150E333-8FDC-42A3-9474-1A3956D46DE8}") = "Web", "Web", "{5CD18295-8E09-4712-8FAA-10E9ADA9998C}"
EndProject
Project("{E53339B2-1760-4266-BCC7-CA923CBCF16C}") = "docker-compose", "docker-compose.dcproj", "{FEA0C318-FFED-4D39-8781-265718CA43DD}"
EndProject
Project("{2150E333-8FDC-42A3-9474-1A3956D46DE8}") = "Solution Items", "Solution Items", "{8E9F7C7D-C059-470C-B7A9-7D2493D545A3}"
	ProjectSection(SolutionItems) = preProject
		.editorconfig = .editorconfig
		.gitignore = .gitignore
		.globalconfig = .globalconfig
		.runsettings = .runsettings
		..\azurepipelines-coverage.yml = ..\azurepipelines-coverage.yml
		.sonarlint\rafsanulhasan-dev-keycsharp.ruleset = .sonarlint\rafsanulhasan-dev-keycsharp.ruleset
		..\README.md = ..\README.md
		server.yml = server.yml
	EndProjectSection
EndProject
Project("{2150E333-8FDC-42A3-9474-1A3956D46DE8}") = "Tests", "Tests", "{AEAC5AC2-2E73-4CEF-BE1D-194C1F6FB856}"
EndProject
Project("{9A19103F-16F7-4668-BE54-9A1E7A4F7556}") = "RH.Apps.Web.SPA.Lite.Tests", "Tests\UnitTests\RH.Apps.Web.SPA.Tests.csproj", "{50EADADC-246B-4F44-82D0-0517D6FCC7EF}"
EndProject
Project("{9A19103F-16F7-4668-BE54-9A1E7A4F7556}") = "RH.Apps.Web.SPA.Server", "Applications\Web\SPA\PWA\Server\RH.Apps.Web.SPA.Server.csproj", "{56C9D5FF-CD42-480D-AE79-A24CAD26F927}"
EndProject
Project("{9A19103F-16F7-4668-BE54-9A1E7A4F7556}") = "RH.Apps.Web.SPA.Client", "Applications\Web\SPA\PWA\Client\RH.Apps.Web.SPA.Client.csproj", "{AC9BAAEE-6880-41BD-B1FC-F383AD89F2CB}"
EndProject
Project("{9A19103F-16F7-4668-BE54-9A1E7A4F7556}") = "RH.Apps.Web.SPA.Shared", "Applications\Web\SPA\PWA\Shared\RH.Apps.Web.SPA.Shared.csproj", "{6CA8AB21-9266-41D7-A582-9955A591BAB5}"
EndProject
Project("{FAE04EC0-301F-11D3-BF4B-00C04F79EFBC}") = "RH.Apps.Web.SPA.Lite", "Applications\Web\SPA\Lite\RH.Apps.Web.SPA.Lite.csproj", "{696FAE09-F751-4336-96C9-D2B1C356A2BC}"
EndProject
Project("{FAE04EC0-301F-11D3-BF4B-00C04F79EFBC}") = "RH.Apps.Web.SPA.Shared.Components", "Applications\Web\SPA\Shared.Components\RH.Apps.Web.SPA.Shared.Components.csproj", "{941AF814-480A-4C69-913F-D880D63A1B72}"
EndProject
Global
	GlobalSection(SolutionConfigurationPlatforms) = preSolution
		Debug|Any CPU = Debug|Any CPU
		Release|Any CPU = Release|Any CPU
	EndGlobalSection
	GlobalSection(ProjectConfigurationPlatforms) = postSolution
		{FEA0C318-FFED-4D39-8781-265718CA43DD}.Debug|Any CPU.ActiveCfg = Debug|Any CPU
		{FEA0C318-FFED-4D39-8781-265718CA43DD}.Debug|Any CPU.Build.0 = Debug|Any CPU
		{FEA0C318-FFED-4D39-8781-265718CA43DD}.Release|Any CPU.ActiveCfg = Release|Any CPU
		{FEA0C318-FFED-4D39-8781-265718CA43DD}.Release|Any CPU.Build.0 = Release|Any CPU
		{50EADADC-246B-4F44-82D0-0517D6FCC7EF}.Debug|Any CPU.ActiveCfg = Debug|Any CPU
		{50EADADC-246B-4F44-82D0-0517D6FCC7EF}.Debug|Any CPU.Build.0 = Debug|Any CPU
		{50EADADC-246B-4F44-82D0-0517D6FCC7EF}.Release|Any CPU.ActiveCfg = Release|Any CPU
		{50EADADC-246B-4F44-82D0-0517D6FCC7EF}.Release|Any CPU.Build.0 = Release|Any CPU
		{56C9D5FF-CD42-480D-AE79-A24CAD26F927}.Debug|Any CPU.ActiveCfg = Debug|Any CPU
		{56C9D5FF-CD42-480D-AE79-A24CAD26F927}.Debug|Any CPU.Build.0 = Debug|Any CPU
		{56C9D5FF-CD42-480D-AE79-A24CAD26F927}.Release|Any CPU.ActiveCfg = Release|Any CPU
		{56C9D5FF-CD42-480D-AE79-A24CAD26F927}.Release|Any CPU.Build.0 = Release|Any CPU
		{AC9BAAEE-6880-41BD-B1FC-F383AD89F2CB}.Debug|Any CPU.ActiveCfg = Debug|Any CPU
		{AC9BAAEE-6880-41BD-B1FC-F383AD89F2CB}.Debug|Any CPU.Build.0 = Debug|Any CPU
		{AC9BAAEE-6880-41BD-B1FC-F383AD89F2CB}.Release|Any CPU.ActiveCfg = Release|Any CPU
		{AC9BAAEE-6880-41BD-B1FC-F383AD89F2CB}.Release|Any CPU.Build.0 = Release|Any CPU
		{6CA8AB21-9266-41D7-A582-9955A591BAB5}.Debug|Any CPU.ActiveCfg = Debug|Any CPU
		{6CA8AB21-9266-41D7-A582-9955A591BAB5}.Debug|Any CPU.Build.0 = Debug|Any CPU
		{6CA8AB21-9266-41D7-A582-9955A591BAB5}.Release|Any CPU.ActiveCfg = Release|Any CPU
		{6CA8AB21-9266-41D7-A582-9955A591BAB5}.Release|Any CPU.Build.0 = Release|Any CPU
		{696FAE09-F751-4336-96C9-D2B1C356A2BC}.Debug|Any CPU.ActiveCfg = Debug|Any CPU
		{696FAE09-F751-4336-96C9-D2B1C356A2BC}.Debug|Any CPU.Build.0 = Debug|Any CPU
		{696FAE09-F751-4336-96C9-D2B1C356A2BC}.Release|Any CPU.ActiveCfg = Release|Any CPU
		{696FAE09-F751-4336-96C9-D2B1C356A2BC}.Release|Any CPU.Build.0 = Release|Any CPU
		{941AF814-480A-4C69-913F-D880D63A1B72}.Debug|Any CPU.ActiveCfg = Debug|Any CPU
		{941AF814-480A-4C69-913F-D880D63A1B72}.Debug|Any CPU.Build.0 = Debug|Any CPU
		{941AF814-480A-4C69-913F-D880D63A1B72}.Release|Any CPU.ActiveCfg = Release|Any CPU
		{941AF814-480A-4C69-913F-D880D63A1B72}.Release|Any CPU.Build.0 = Release|Any CPU
	EndGlobalSection
	GlobalSection(SolutionProperties) = preSolution
		HideSolutionNode = FALSE
	EndGlobalSection
	GlobalSection(NestedProjects) = preSolution
		{5CD18295-8E09-4712-8FAA-10E9ADA9998C} = {F8960046-439F-4FEF-AA3C-9B21A930DBB7}
		{50EADADC-246B-4F44-82D0-0517D6FCC7EF} = {AEAC5AC2-2E73-4CEF-BE1D-194C1F6FB856}
		{56C9D5FF-CD42-480D-AE79-A24CAD26F927} = {5CD18295-8E09-4712-8FAA-10E9ADA9998C}
		{AC9BAAEE-6880-41BD-B1FC-F383AD89F2CB} = {5CD18295-8E09-4712-8FAA-10E9ADA9998C}
		{6CA8AB21-9266-41D7-A582-9955A591BAB5} = {5CD18295-8E09-4712-8FAA-10E9ADA9998C}
		{696FAE09-F751-4336-96C9-D2B1C356A2BC} = {5CD18295-8E09-4712-8FAA-10E9ADA9998C}
		{941AF814-480A-4C69-913F-D880D63A1B72} = {5CD18295-8E09-4712-8FAA-10E9ADA9998C}
	EndGlobalSection
	GlobalSection(ExtensibilityGlobals) = postSolution
		SolutionGuid = {7D8E0EC1-2D8D-44E0-A029-382F54F8B832}
	EndGlobalSection
EndGlobal
