
Microsoft Visual Studio Solution File, Format Version 12.00
# Visual Studio Version 16
VisualStudioVersion = 16.0.29920.165
MinimumVisualStudioVersion = 10.0.40219.1
Project("{2150E333-8FDC-42A3-9474-1A3956D46DE8}") = "Applications", "Applications", "{F8960046-439F-4FEF-AA3C-9B21A930DBB7}"
EndProject
Project("{2150E333-8FDC-42A3-9474-1A3956D46DE8}") = "scripts", "scripts", "{772FC387-BEC2-4773-8A94-BE24D4F3D0D6}"
EndProject
Project("{2150E333-8FDC-42A3-9474-1A3956D46DE8}") = "Web", "Web", "{5CD18295-8E09-4712-8FAA-10E9ADA9998C}"
EndProject
Project("{9A19103F-16F7-4668-BE54-9A1E7A4F7556}") = "RH.Apps.Web.SPA", "Applications\Web\SPA\WASM\RH.Apps.Web.SPA.csproj", "{6C8EB413-85BA-4C34-AB53-5539DF3E1CDD}"
EndProject
Project("{9A19103F-16F7-4668-BE54-9A1E7A4F7556}") = "RH.Apps.Web.SPA.Lite", "Applications\Web\SPA\Server\RH.Apps.Web.SPA.Lite.csproj", "{34FB1D5B-FDBF-42D5-86A8-EE750E399925}"
EndProject
Global
	GlobalSection(SolutionConfigurationPlatforms) = preSolution
		Debug|Any CPU = Debug|Any CPU
		Release|Any CPU = Release|Any CPU
	EndGlobalSection
	GlobalSection(ProjectConfigurationPlatforms) = postSolution
		{6C8EB413-85BA-4C34-AB53-5539DF3E1CDD}.Debug|Any CPU.ActiveCfg = Debug|Any CPU
		{6C8EB413-85BA-4C34-AB53-5539DF3E1CDD}.Debug|Any CPU.Build.0 = Debug|Any CPU
		{6C8EB413-85BA-4C34-AB53-5539DF3E1CDD}.Release|Any CPU.ActiveCfg = Release|Any CPU
		{6C8EB413-85BA-4C34-AB53-5539DF3E1CDD}.Release|Any CPU.Build.0 = Release|Any CPU
		{34FB1D5B-FDBF-42D5-86A8-EE750E399925}.Debug|Any CPU.ActiveCfg = Debug|Any CPU
		{34FB1D5B-FDBF-42D5-86A8-EE750E399925}.Debug|Any CPU.Build.0 = Debug|Any CPU
		{34FB1D5B-FDBF-42D5-86A8-EE750E399925}.Release|Any CPU.ActiveCfg = Release|Any CPU
		{34FB1D5B-FDBF-42D5-86A8-EE750E399925}.Release|Any CPU.Build.0 = Release|Any CPU
	EndGlobalSection
	GlobalSection(SolutionProperties) = preSolution
		HideSolutionNode = FALSE
	EndGlobalSection
	GlobalSection(NestedProjects) = preSolution
		{5CD18295-8E09-4712-8FAA-10E9ADA9998C} = {F8960046-439F-4FEF-AA3C-9B21A930DBB7}
		{6C8EB413-85BA-4C34-AB53-5539DF3E1CDD} = {5CD18295-8E09-4712-8FAA-10E9ADA9998C}
		{34FB1D5B-FDBF-42D5-86A8-EE750E399925} = {5CD18295-8E09-4712-8FAA-10E9ADA9998C}
	EndGlobalSection
	GlobalSection(ExtensibilityGlobals) = postSolution
		SolutionGuid = {7D8E0EC1-2D8D-44E0-A029-382F54F8B832}
	EndGlobalSection
EndGlobal
